
Microsoft Visual Studio Solution File, Format Version 12.00
# Visual Studio 15
VisualStudioVersion = 15.0.27703.2018
MinimumVisualStudioVersion = 10.0.40219.1
Project("{FAE04EC0-301F-11D3-BF4B-00C04F79EFBC}") = "LibRpws", "LibRpws\LibRpws.csproj", "{3D545D7A-3863-4D43-85C5-94FB0E0F5F0A}"
EndProject
Project("{FAE04EC0-301F-11D3-BF4B-00C04F79EFBC}") = "Tests", "Tests\Tests.csproj", "{81B69175-3B5A-477F-9592-8D3196B001B0}"
EndProject
Project("{9A19103F-16F7-4668-BE54-9A1E7A4F7556}") = "LibRpwsDatabase", "..\RpwsDatabaseServer\LibRpwsDatabase\LibRpwsDatabase.csproj", "{E5CEF6E2-FD4B-42EE-8E11-54384A1D68A3}"
EndProject
Global
	GlobalSection(SolutionConfigurationPlatforms) = preSolution
		Debug|Any CPU = Debug|Any CPU
		Release|Any CPU = Release|Any CPU
	EndGlobalSection
	GlobalSection(ProjectConfigurationPlatforms) = postSolution
		{3D545D7A-3863-4D43-85C5-94FB0E0F5F0A}.Debug|Any CPU.ActiveCfg = Debug|Any CPU
		{3D545D7A-3863-4D43-85C5-94FB0E0F5F0A}.Debug|Any CPU.Build.0 = Debug|Any CPU
		{3D545D7A-3863-4D43-85C5-94FB0E0F5F0A}.Release|Any CPU.ActiveCfg = Release|Any CPU
		{3D545D7A-3863-4D43-85C5-94FB0E0F5F0A}.Release|Any CPU.Build.0 = Release|Any CPU
		{81B69175-3B5A-477F-9592-8D3196B001B0}.Debug|Any CPU.ActiveCfg = Debug|Any CPU
		{81B69175-3B5A-477F-9592-8D3196B001B0}.Debug|Any CPU.Build.0 = Debug|Any CPU
		{81B69175-3B5A-477F-9592-8D3196B001B0}.Release|Any CPU.ActiveCfg = Release|Any CPU
		{81B69175-3B5A-477F-9592-8D3196B001B0}.Release|Any CPU.Build.0 = Release|Any CPU
		{E5CEF6E2-FD4B-42EE-8E11-54384A1D68A3}.Debug|Any CPU.ActiveCfg = Debug|Any CPU
		{E5CEF6E2-FD4B-42EE-8E11-54384A1D68A3}.Debug|Any CPU.Build.0 = Debug|Any CPU
		{E5CEF6E2-FD4B-42EE-8E11-54384A1D68A3}.Release|Any CPU.ActiveCfg = Release|Any CPU
		{E5CEF6E2-FD4B-42EE-8E11-54384A1D68A3}.Release|Any CPU.Build.0 = Release|Any CPU
	EndGlobalSection
	GlobalSection(SolutionProperties) = preSolution
		HideSolutionNode = FALSE
	EndGlobalSection
	GlobalSection(ExtensibilityGlobals) = postSolution
		SolutionGuid = {4B6A9DD9-3F6C-4897-96FE-DC894F642197}
	EndGlobalSection
EndGlobal
